
Microsoft Visual Studio Solution File, Format Version 12.00
# Visual Studio 2013
VisualStudioVersion = 12.0.31101.0
MinimumVisualStudioVersion = 10.0.40219.1
Project("{FAE04EC0-301F-11D3-BF4B-00C04F79EFBC}") = "ZookeeperMonitor", "ZookeeperMonitor\ZookeeperMonitor.csproj", "{C9D02D57-1E9E-4D93-851F-33ECB2C55D6A}"
EndProject
Project("{930C7802-8A8C-48F9-8165-68863BCCD9DD}") = "Setup", "Setup\Setup.wixproj", "{55AC471C-B4F4-48FF-BF40-85209AF1C602}"
EndProject
Global
	GlobalSection(SubversionScc) = preSolution
		Svn-Managed = True
		Manager = AnkhSVN - Subversion Support for Visual Studio
	EndGlobalSection
	GlobalSection(SolutionConfigurationPlatforms) = preSolution
		Debug|Any CPU = Debug|Any CPU
		Debug|Mixed Platforms = Debug|Mixed Platforms
		Debug|x86 = Debug|x86
		Release|Any CPU = Release|Any CPU
		Release|Mixed Platforms = Release|Mixed Platforms
		Release|x86 = Release|x86
	EndGlobalSection
	GlobalSection(ProjectConfigurationPlatforms) = postSolution
		{C9D02D57-1E9E-4D93-851F-33ECB2C55D6A}.Debug|Any CPU.ActiveCfg = Debug|Any CPU
		{C9D02D57-1E9E-4D93-851F-33ECB2C55D6A}.Debug|Any CPU.Build.0 = Debug|Any CPU
		{C9D02D57-1E9E-4D93-851F-33ECB2C55D6A}.Debug|Mixed Platforms.ActiveCfg = Debug|Any CPU
		{C9D02D57-1E9E-4D93-851F-33ECB2C55D6A}.Debug|Mixed Platforms.Build.0 = Debug|Any CPU
		{C9D02D57-1E9E-4D93-851F-33ECB2C55D6A}.Debug|x86.ActiveCfg = Debug|Any CPU
		{C9D02D57-1E9E-4D93-851F-33ECB2C55D6A}.Release|Any CPU.ActiveCfg = Release|Any CPU
		{C9D02D57-1E9E-4D93-851F-33ECB2C55D6A}.Release|Any CPU.Build.0 = Release|Any CPU
		{C9D02D57-1E9E-4D93-851F-33ECB2C55D6A}.Release|Mixed Platforms.ActiveCfg = Release|Any CPU
		{C9D02D57-1E9E-4D93-851F-33ECB2C55D6A}.Release|Mixed Platforms.Build.0 = Release|Any CPU
		{C9D02D57-1E9E-4D93-851F-33ECB2C55D6A}.Release|x86.ActiveCfg = Release|Any CPU
		{55AC471C-B4F4-48FF-BF40-85209AF1C602}.Debug|Any CPU.ActiveCfg = Debug|x86
		{55AC471C-B4F4-48FF-BF40-85209AF1C602}.Debug|Mixed Platforms.ActiveCfg = Debug|x86
		{55AC471C-B4F4-48FF-BF40-85209AF1C602}.Debug|Mixed Platforms.Build.0 = Debug|x86
		{55AC471C-B4F4-48FF-BF40-85209AF1C602}.Debug|x86.ActiveCfg = Debug|x86
		{55AC471C-B4F4-48FF-BF40-85209AF1C602}.Debug|x86.Build.0 = Debug|x86
		{55AC471C-B4F4-48FF-BF40-85209AF1C602}.Release|Any CPU.ActiveCfg = Release|x86
		{55AC471C-B4F4-48FF-BF40-85209AF1C602}.Release|Mixed Platforms.ActiveCfg = Release|x86
		{55AC471C-B4F4-48FF-BF40-85209AF1C602}.Release|Mixed Platforms.Build.0 = Release|x86
		{55AC471C-B4F4-48FF-BF40-85209AF1C602}.Release|x86.ActiveCfg = Release|x86
		{55AC471C-B4F4-48FF-BF40-85209AF1C602}.Release|x86.Build.0 = Release|x86
	EndGlobalSection
	GlobalSection(SolutionProperties) = preSolution
		HideSolutionNode = FALSE
	EndGlobalSection
EndGlobal
